
Microsoft Visual Studio Solution File, Format Version 12.00
Project("{FAE04EC0-301F-11D3-BF4B-00C04F79EFBC}") = "CringeBot", "CringeBot\CringeBot.csproj", "{39713FB3-74E1-446F-B4EE-9BC58D77FFDD}"
EndProject
Project("{FAE04EC0-301F-11D3-BF4B-00C04F79EFBC}") = "Cringe.DI", "Cringe.DI\Cringe.DI.csproj", "{E5E36D31-85C4-47C1-AA12-763599150C20}"
EndProject
Project("{FAE04EC0-301F-11D3-BF4B-00C04F79EFBC}") = "Cringe.Config", "Cringe.Config\Cringe.Config.csproj", "{9D797169-3E96-4705-9657-2D0DCFA50225}"
EndProject
Project("{FAE04EC0-301F-11D3-BF4B-00C04F79EFBC}") = "Cringe.Core", "Cringe.Core\Cringe.Core.csproj", "{5B1CA5AC-4F96-4BB9-B22A-D607F84D9DD1}"
EndProject
Global
	GlobalSection(SolutionConfigurationPlatforms) = preSolution
		Debug|Any CPU = Debug|Any CPU
		Release|Any CPU = Release|Any CPU
	EndGlobalSection
	GlobalSection(ProjectConfigurationPlatforms) = postSolution
		{39713FB3-74E1-446F-B4EE-9BC58D77FFDD}.Debug|Any CPU.ActiveCfg = Debug|Any CPU
		{39713FB3-74E1-446F-B4EE-9BC58D77FFDD}.Debug|Any CPU.Build.0 = Debug|Any CPU
		{39713FB3-74E1-446F-B4EE-9BC58D77FFDD}.Release|Any CPU.ActiveCfg = Release|Any CPU
		{39713FB3-74E1-446F-B4EE-9BC58D77FFDD}.Release|Any CPU.Build.0 = Release|Any CPU
		{E5E36D31-85C4-47C1-AA12-763599150C20}.Debug|Any CPU.ActiveCfg = Debug|Any CPU
		{E5E36D31-85C4-47C1-AA12-763599150C20}.Debug|Any CPU.Build.0 = Debug|Any CPU
		{E5E36D31-85C4-47C1-AA12-763599150C20}.Release|Any CPU.ActiveCfg = Release|Any CPU
		{E5E36D31-85C4-47C1-AA12-763599150C20}.Release|Any CPU.Build.0 = Release|Any CPU
		{9D797169-3E96-4705-9657-2D0DCFA50225}.Debug|Any CPU.ActiveCfg = Debug|Any CPU
		{9D797169-3E96-4705-9657-2D0DCFA50225}.Debug|Any CPU.Build.0 = Debug|Any CPU
		{9D797169-3E96-4705-9657-2D0DCFA50225}.Release|Any CPU.ActiveCfg = Release|Any CPU
		{9D797169-3E96-4705-9657-2D0DCFA50225}.Release|Any CPU.Build.0 = Release|Any CPU
		{5B1CA5AC-4F96-4BB9-B22A-D607F84D9DD1}.Debug|Any CPU.ActiveCfg = Debug|Any CPU
		{5B1CA5AC-4F96-4BB9-B22A-D607F84D9DD1}.Debug|Any CPU.Build.0 = Debug|Any CPU
		{5B1CA5AC-4F96-4BB9-B22A-D607F84D9DD1}.Release|Any CPU.ActiveCfg = Release|Any CPU
		{5B1CA5AC-4F96-4BB9-B22A-D607F84D9DD1}.Release|Any CPU.Build.0 = Release|Any CPU
	EndGlobalSection
EndGlobal
